
Microsoft Visual Studio Solution File, Format Version 12.00
# Visual Studio 15
VisualStudioVersion = 15.0.28307.489
MinimumVisualStudioVersion = 10.0.40219.1
Project("{9A19103F-16F7-4668-BE54-9A1E7A4F7556}") = "Amazon", "Amazon\Amazon.csproj", "{235119CE-2D87-4324-BD5D-24EA10C19CA7}"
EndProject
Project("{9A19103F-16F7-4668-BE54-9A1E7A4F7556}") = "Amazon.Web", "Amazon.Web\Amazon.Web.csproj", "{9E71C373-2B93-4996-ACFE-6A7C72CA9862}"
EndProject
Global
	GlobalSection(SolutionConfigurationPlatforms) = preSolution
		Debug|Any CPU = Debug|Any CPU
		Release|Any CPU = Release|Any CPU
	EndGlobalSection
	GlobalSection(ProjectConfigurationPlatforms) = postSolution
		{235119CE-2D87-4324-BD5D-24EA10C19CA7}.Debug|Any CPU.ActiveCfg = Debug|Any CPU
		{235119CE-2D87-4324-BD5D-24EA10C19CA7}.Debug|Any CPU.Build.0 = Debug|Any CPU
		{235119CE-2D87-4324-BD5D-24EA10C19CA7}.Release|Any CPU.ActiveCfg = Release|Any CPU
		{235119CE-2D87-4324-BD5D-24EA10C19CA7}.Release|Any CPU.Build.0 = Release|Any CPU
		{9E71C373-2B93-4996-ACFE-6A7C72CA9862}.Debug|Any CPU.ActiveCfg = Debug|Any CPU
		{9E71C373-2B93-4996-ACFE-6A7C72CA9862}.Debug|Any CPU.Build.0 = Debug|Any CPU
		{9E71C373-2B93-4996-ACFE-6A7C72CA9862}.Release|Any CPU.ActiveCfg = Release|Any CPU
		{9E71C373-2B93-4996-ACFE-6A7C72CA9862}.Release|Any CPU.Build.0 = Release|Any CPU
	EndGlobalSection
	GlobalSection(SolutionProperties) = preSolution
		HideSolutionNode = FALSE
	EndGlobalSection
	GlobalSection(ExtensibilityGlobals) = postSolution
		SolutionGuid = {185CBF15-CA9E-439F-9AE7-6C61A8A1D3C3}
	EndGlobalSection
EndGlobal
